
Microsoft Visual Studio Solution File, Format Version 12.00
# Visual Studio Version 16
VisualStudioVersion = 16.0.29424.173
MinimumVisualStudioVersion = 10.0.40219.1
Project("{FAE04EC0-301F-11D3-BF4B-00C04F79EFBC}") = "RandomKullanimi", "RandomKullanimi\RandomKullanimi.csproj", "{1F2E3721-78D4-4762-AA10-606591EA4037}"
EndProject
Global
	GlobalSection(SolutionConfigurationPlatforms) = preSolution
		Debug|Any CPU = Debug|Any CPU
		Release|Any CPU = Release|Any CPU
	EndGlobalSection
	GlobalSection(ProjectConfigurationPlatforms) = postSolution
		{1F2E3721-78D4-4762-AA10-606591EA4037}.Debug|Any CPU.ActiveCfg = Debug|Any CPU
		{1F2E3721-78D4-4762-AA10-606591EA4037}.Debug|Any CPU.Build.0 = Debug|Any CPU
		{1F2E3721-78D4-4762-AA10-606591EA4037}.Release|Any CPU.ActiveCfg = Release|Any CPU
		{1F2E3721-78D4-4762-AA10-606591EA4037}.Release|Any CPU.Build.0 = Release|Any CPU
	EndGlobalSection
	GlobalSection(SolutionProperties) = preSolution
		HideSolutionNode = FALSE
	EndGlobalSection
	GlobalSection(ExtensibilityGlobals) = postSolution
		SolutionGuid = {DA3CA043-13F1-425F-9351-BF7E29D4E2F8}
	EndGlobalSection
EndGlobal
