
Microsoft Visual Studio Solution File, Format Version 12.00
# Visual Studio Version 16
VisualStudioVersion = 16.0.29613.14
MinimumVisualStudioVersion = 10.0.40219.1
Project("{FAE04EC0-301F-11D3-BF4B-00C04F79EFBC}") = "switchDeneme", "switchDeneme\switchDeneme.csproj", "{EA822A8C-D334-471E-91F5-84CAC9F09E93}"
EndProject
Global
	GlobalSection(SolutionConfigurationPlatforms) = preSolution
		Debug|Any CPU = Debug|Any CPU
		Release|Any CPU = Release|Any CPU
	EndGlobalSection
	GlobalSection(ProjectConfigurationPlatforms) = postSolution
		{EA822A8C-D334-471E-91F5-84CAC9F09E93}.Debug|Any CPU.ActiveCfg = Debug|Any CPU
		{EA822A8C-D334-471E-91F5-84CAC9F09E93}.Debug|Any CPU.Build.0 = Debug|Any CPU
		{EA822A8C-D334-471E-91F5-84CAC9F09E93}.Release|Any CPU.ActiveCfg = Release|Any CPU
		{EA822A8C-D334-471E-91F5-84CAC9F09E93}.Release|Any CPU.Build.0 = Release|Any CPU
	EndGlobalSection
	GlobalSection(SolutionProperties) = preSolution
		HideSolutionNode = FALSE
	EndGlobalSection
	GlobalSection(ExtensibilityGlobals) = postSolution
		SolutionGuid = {0E2B11E5-905C-47DB-8C8C-A367FBD63F7E}
	EndGlobalSection
EndGlobal
