
Microsoft Visual Studio Solution File, Format Version 12.00
# Visual Studio Version 16
VisualStudioVersion = 16.0.29424.173
MinimumVisualStudioVersion = 10.0.40219.1
Project("{FAE04EC0-301F-11D3-BF4B-00C04F79EFBC}") = "TimerEklemeAyarlama", "TimerEklemeAyarlama\TimerEklemeAyarlama.csproj", "{BEAA54C6-E154-4D22-A06B-A93C9FDFF33A}"
EndProject
Global
	GlobalSection(SolutionConfigurationPlatforms) = preSolution
		Debug|Any CPU = Debug|Any CPU
		Release|Any CPU = Release|Any CPU
	EndGlobalSection
	GlobalSection(ProjectConfigurationPlatforms) = postSolution
		{BEAA54C6-E154-4D22-A06B-A93C9FDFF33A}.Debug|Any CPU.ActiveCfg = Debug|Any CPU
		{BEAA54C6-E154-4D22-A06B-A93C9FDFF33A}.Debug|Any CPU.Build.0 = Debug|Any CPU
		{BEAA54C6-E154-4D22-A06B-A93C9FDFF33A}.Release|Any CPU.ActiveCfg = Release|Any CPU
		{BEAA54C6-E154-4D22-A06B-A93C9FDFF33A}.Release|Any CPU.Build.0 = Release|Any CPU
	EndGlobalSection
	GlobalSection(SolutionProperties) = preSolution
		HideSolutionNode = FALSE
	EndGlobalSection
	GlobalSection(ExtensibilityGlobals) = postSolution
		SolutionGuid = {28870BBB-BC0A-4CCE-8859-7228EB230867}
	EndGlobalSection
EndGlobal
